
Microsoft Visual Studio Solution File, Format Version 12.00
# Visual Studio Version 17
VisualStudioVersion = 17.5.002.0
MinimumVisualStudioVersion = 10.0.40219.1
Project("{2150E333-8FDC-42A3-9474-1A3956D46DE8}") = "src", "src", "{7DBDD874-2F0D-415B-9454-9D549FCE161B}"
EndProject
Project("{9A19103F-16F7-4668-BE54-9A1E7A4F7556}") = "Numberry", "src\Numberry\Numberry.csproj", "{22C571CB-E623-437A-A094-8316E0557D78}"
EndProject
Global
	GlobalSection(SolutionConfigurationPlatforms) = preSolution
		Debug|Any CPU = Debug|Any CPU
		Release|Any CPU = Release|Any CPU
	EndGlobalSection
	GlobalSection(ProjectConfigurationPlatforms) = postSolution
		{22C571CB-E623-437A-A094-8316E0557D78}.Debug|Any CPU.ActiveCfg = Debug|Any CPU
		{22C571CB-E623-437A-A094-8316E0557D78}.Debug|Any CPU.Build.0 = Debug|Any CPU
		{22C571CB-E623-437A-A094-8316E0557D78}.Release|Any CPU.ActiveCfg = Release|Any CPU
		{22C571CB-E623-437A-A094-8316E0557D78}.Release|Any CPU.Build.0 = Release|Any CPU
	EndGlobalSection
	GlobalSection(SolutionProperties) = preSolution
		HideSolutionNode = FALSE
	EndGlobalSection
	GlobalSection(NestedProjects) = preSolution
		{22C571CB-E623-437A-A094-8316E0557D78} = {7DBDD874-2F0D-415B-9454-9D549FCE161B}
	EndGlobalSection
	GlobalSection(ExtensibilityGlobals) = postSolution
		SolutionGuid = {92F6D475-68F0-44D6-A1AF-A28F5948E381}
	EndGlobalSection
EndGlobal
